<?xml version="1.0" encoding="utf-8"?>
<Project ToolsVersion="4.0" xmlns="http://schemas.microsoft.com/developer/msbuild/2003">
  <ItemGroup>
    <Filter Include="Source Files">
      <UniqueIdentifier>{4FC737F1-C7A5-4376-A066-2A32D752A2FF}</UniqueIdentifier>
      <Extensions>cpp;c;cxx;def;odl;idl;hpj;bat;asm;asmx</Extensions>
    </Filter>
    <Filter Include="Header Files">
      <UniqueIdentifier>{93995380-89BD-4b04-88EB-625FBE52EBFB}</UniqueIdentifier>
      <Extensions>h;hpp;hxx;hm;inl;inc;xsd</Extensions>
    </Filter>
    <Filter Include="Header Files\Command">
      <UniqueIdentifier>{69f16ec8-d7b1-41f1-8c81-ea6c506106de}</UniqueIdentifier>
    </Filter>
    <Filter Include="Header Files\Command\EVF">
      <UniqueIdentifier>{30f1d24f-021e-4027-bec2-8fbd3be77765}</UniqueIdentifier>
    </Filter>
    <Filter Include="Header Files\Camera">
      <UniqueIdentifier>{f0521208-84bf-4d53-8452-171d7bcc531d}</UniqueIdentifier>
    </Filter>
    <Filter Include="Header Files\Class">
      <UniqueIdentifier>{d0d4e75b-5c90-40f2-bd92-724000cbd7b3}</UniqueIdentifier>
    </Filter>
    <Filter Include="Header Files\EDSDK">
      <UniqueIdentifier>{51b1e27f-2a42-4938-8a92-960fbe92e7e0}</UniqueIdentifier>
    </Filter>
    <Filter Include="Resource Files">
      <UniqueIdentifier>{67DA6AB6-F800-4c08-8B7A-83BB121AAD01}</UniqueIdentifier>
      <Extensions>rc;ico;cur;bmp;dlg;rc2;rct;bin;rgs;gif;jpg;jpeg;jpe;resx</Extensions>
    </Filter>
  </ItemGroup>
  <ItemGroup>
    <ClCompile Include="ActionButton.cpp">
      <Filter>Source Files</Filter>
    </ClCompile>
    <ClCompile Include="AEMode.cpp">
      <Filter>Source Files</Filter>
    </ClCompile>
    <ClCompile Include="Av.cpp">
      <Filter>Source Files</Filter>
    </ClCompile>
    <ClCompile Include="CameraControl.cpp">
      <Filter>Source Files</Filter>
    </ClCompile>
    <ClCompile Include="CameraControlDlg.cpp">
      <Filter>Source Files</Filter>
    </ClCompile>
    <ClCompile Include="EvfAFMode.cpp">
      <Filter>Source Files</Filter>
    </ClCompile>
    <ClCompile Include="EVFPictureBox.cpp">
      <Filter>Source Files</Filter>
    </ClCompile>
    <ClCompile Include="EvfZoomButton.cpp">
      <Filter>Source Files</Filter>
    </ClCompile>
    <ClCompile Include="ExposureComp.cpp">
      <Filter>Source Files</Filter>
    </ClCompile>
    <ClCompile Include="ImageQuality.cpp">
      <Filter>Source Files</Filter>
    </ClCompile>
    <ClCompile Include="Iso.cpp">
      <Filter>Source Files</Filter>
    </ClCompile>
    <ClCompile Include="MeteringMode.cpp">
      <Filter>Source Files</Filter>
    </ClCompile>
    <ClCompile Include="PropertyComboBox.cpp">
      <Filter>Source Files</Filter>
    </ClCompile>
    <ClCompile Include="stdafx.cpp">
      <Filter>Source Files</Filter>
    </ClCompile>
    <ClCompile Include="Tv.cpp">
      <Filter>Source Files</Filter>
    </ClCompile>
  </ItemGroup>
  <ItemGroup>
    <ClInclude Include="ActionButton.h">
      <Filter>Header Files</Filter>
    </ClInclude>
    <ClInclude Include="AEMode.h">
      <Filter>Header Files</Filter>
    </ClInclude>
    <ClInclude Include="Av.h">
      <Filter>Header Files</Filter>
    </ClInclude>
    <ClInclude Include="CameraControl.h">
      <Filter>Header Files</Filter>
    </ClInclude>
    <ClInclude Include="CameraControlDlg.h">
      <Filter>Header Files</Filter>
    </ClInclude>
    <ClInclude Include="EvfAFMode.h">
      <Filter>Header Files</Filter>
    </ClInclude>
    <ClInclude Include="EVFPictureBox.h">
      <Filter>Header Files</Filter>
    </ClInclude>
    <ClInclude Include="EvfZoomButton.h">
      <Filter>Header Files</Filter>
    </ClInclude>
    <ClInclude Include="ExposureComp.h">
      <Filter>Header Files</Filter>
    </ClInclude>
    <ClInclude Include="ImageQuality.h">
      <Filter>Header Files</Filter>
    </ClInclude>
    <ClInclude Include="Iso.h">
      <Filter>Header Files</Filter>
    </ClInclude>
    <ClInclude Include="MeteringMode.h">
      <Filter>Header Files</Filter>
    </ClInclude>
    <ClInclude Include="PropertyComboBox.h">
      <Filter>Header Files</Filter>
    </ClInclude>
    <ClInclude Include="Resource.h">
      <Filter>Header Files</Filter>
    </ClInclude>
    <ClInclude Include="stdafx.h">
      <Filter>Header Files</Filter>
    </ClInclude>
    <ClInclude Include="Tv.h">
      <Filter>Header Files</Filter>
    </ClInclude>
    <ClInclude Include="Command\CloseSessionCommand.h">
      <Filter>Header Files\Command</Filter>
    </ClInclude>
    <ClInclude Include="Command\Command.h">
      <Filter>Header Files\Command</Filter>
    </ClInclude>
    <ClInclude Include="Command\DoEvfAFCommand.h">
      <Filter>Header Files\Command</Filter>
    </ClInclude>
    <ClInclude Include="Command\DownloadCommand.h">
      <Filter>Header Files\Command</Filter>
    </ClInclude>
    <ClInclude Include="Command\GetPropertyCommand.h">
      <Filter>Header Files\Command</Filter>
    </ClInclude>
    <ClInclude Include="Command\GetPropertyDescCommand.h">
      <Filter>Header Files\Command</Filter>
    </ClInclude>
    <ClInclude Include="Command\NotifyCommand.h">
      <Filter>Header Files\Command</Filter>
    </ClInclude>
    <ClInclude Include="Command\OpenSessionCommand.h">
      <Filter>Header Files\Command</Filter>
    </ClInclude>
    <ClInclude Include="Command\PressShutterButtonCommand.h">
      <Filter>Header Files\Command</Filter>
    </ClInclude>
    <ClInclude Include="Command\SaveSettingCommand.h">
      <Filter>Header Files\Command</Filter>
    </ClInclude>
    <ClInclude Include="Command\SetCapacityCommand.h">
      <Filter>Header Files\Command</Filter>
    </ClInclude>
    <ClInclude Include="Command\SetPropertyCommand.h">
      <Filter>Header Files\Command</Filter>
    </ClInclude>
    <ClInclude Include="Command\TakePictureCommand.h">
      <Filter>Header Files\Command</Filter>
    </ClInclude>
    <ClInclude Include="Command\DownloadEvfCommand.h">
      <Filter>Header Files\Command\EVF</Filter>
    </ClInclude>
    <ClInclude Include="Command\DriveLensCommand.h">
      <Filter>Header Files\Command\EVF</Filter>
    </ClInclude>
    <ClInclude Include="Command\EndEvfCommand.h">
      <Filter>Header Files\Command\EVF</Filter>
    </ClInclude>
    <ClInclude Include="Command\StartEvfCommand.h">
      <Filter>Header Files\Command\EVF</Filter>
    </ClInclude>
    <ClInclude Include="Camera\CameraController.h">
      <Filter>Header Files\Camera</Filter>
    </ClInclude>
    <ClInclude Include="Camera\CameraEvent.h">
      <Filter>Header Files\Camera</Filter>
    </ClInclude>
    <ClInclude Include="Camera\CameraEventListener.h">
      <Filter>Header Files\Camera</Filter>
    </ClInclude>
    <ClInclude Include="Camera\CameraModel.h">
      <Filter>Header Files\Camera</Filter>
    </ClInclude>
    <ClInclude Include="Camera\CameraModelLegacy.h">
      <Filter>Header Files\Camera</Filter>
    </ClInclude>
    <ClInclude Include="Camera\Processor.h">
      <Filter>Header Files\Camera</Filter>
    </ClInclude>
    <ClInclude Include="Class\ActionEvent.h">
      <Filter>Header Files\Class</Filter>
    </ClInclude>
    <ClInclude Include="Class\ActionListener.h">
      <Filter>Header Files\Class</Filter>
    </ClInclude>
    <ClInclude Include="Class\ActionSource.h">
      <Filter>Header Files\Class</Filter>
    </ClInclude>
    <ClInclude Include="Class\Observer.h">
      <Filter>Header Files\Class</Filter>
    </ClInclude>
    <ClInclude Include="Class\Synchronized.h">
      <Filter>Header Files\Class</Filter>
    </ClInclude>
    <ClInclude Include="Class\Thread.h">
      <Filter>Header Files\Class</Filter>
    </ClInclude>
    <ClInclude Include="..\..\..\Edsdk\Header\EDSDK.h">
      <Filter>Header Files\EDSDK</Filter>
    </ClInclude>
    <ClInclude Include="..\..\..\Edsdk\Header\EDSDKErrors.h">
      <Filter>Header Files\EDSDK</Filter>
    </ClInclude>
    <ClInclude Include="..\..\..\Edsdk\Header\EDSDKTypes.h">
      <Filter>Header Files\EDSDK</Filter>
    </ClInclude>
  </ItemGroup>
  <ItemGroup>
    <Image Include="res\CameraControl.ico">
      <Filter>Resource Files</Filter>
    </Image>
  </ItemGroup>
  <ItemGroup>
    <ResourceCompile Include="CameraControl.rc">
      <Filter>Resource Files</Filter>
    </ResourceCompile>
  </ItemGroup>
  <ItemGroup>
    <Text Include="ReadMe.txt" />
  </ItemGroup>
  <ItemGroup>
    <CustomBuild Include="res\CameraControl.manifest" />
  </ItemGroup>
  <ItemGroup>
    <None Include="Copy.bat" />
  </ItemGroup>
</Project>